
Microsoft Visual Studio Solution File, Format Version 11.00
# Visual Studio 2010
Project("{8BC9CEB8-8B4A-11D0-8D11-00A0C91BC942}") = "KmpAlgorithm", "KmpAlgorithm\KmpAlgorithm.vcxproj", "{1727E3A9-1635-4030-8486-61CB58718589}"
EndProject
Project("{8BC9CEB8-8B4A-11D0-8D11-00A0C91BC942}") = "BinaryTree", "BinaryTree\BinaryTree.vcxproj", "{74EF161B-8EB8-4DDB-BD5A-89C6195E1927}"
EndProject
Project("{8BC9CEB8-8B4A-11D0-8D11-00A0C91BC942}") = "Huffman", "Huffman\Huffman.vcxproj", "{F1ADD242-244F-4FAD-9127-A9572221FAC4}"
EndProject
Project("{8BC9CEB8-8B4A-11D0-8D11-00A0C91BC942}") = "FibonacciSearch", "FibonacciSearch\FibonacciSearch.vcxproj", "{A6D8BCD8-3BFD-465B-A7D1-D7D62702E2B7}"
EndProject
Global
	GlobalSection(SolutionConfigurationPlatforms) = preSolution
		Debug|Win32 = Debug|Win32
		Release|Win32 = Release|Win32
	EndGlobalSection
	GlobalSection(ProjectConfigurationPlatforms) = postSolution
		{1727E3A9-1635-4030-8486-61CB58718589}.Debug|Win32.ActiveCfg = Debug|Win32
		{1727E3A9-1635-4030-8486-61CB58718589}.Debug|Win32.Build.0 = Debug|Win32
		{1727E3A9-1635-4030-8486-61CB58718589}.Release|Win32.ActiveCfg = Release|Win32
		{1727E3A9-1635-4030-8486-61CB58718589}.Release|Win32.Build.0 = Release|Win32
		{74EF161B-8EB8-4DDB-BD5A-89C6195E1927}.Debug|Win32.ActiveCfg = Debug|Win32
		{74EF161B-8EB8-4DDB-BD5A-89C6195E1927}.Debug|Win32.Build.0 = Debug|Win32
		{74EF161B-8EB8-4DDB-BD5A-89C6195E1927}.Release|Win32.ActiveCfg = Release|Win32
		{74EF161B-8EB8-4DDB-BD5A-89C6195E1927}.Release|Win32.Build.0 = Release|Win32
		{F1ADD242-244F-4FAD-9127-A9572221FAC4}.Debug|Win32.ActiveCfg = Debug|Win32
		{F1ADD242-244F-4FAD-9127-A9572221FAC4}.Debug|Win32.Build.0 = Debug|Win32
		{F1ADD242-244F-4FAD-9127-A9572221FAC4}.Release|Win32.ActiveCfg = Release|Win32
		{F1ADD242-244F-4FAD-9127-A9572221FAC4}.Release|Win32.Build.0 = Release|Win32
		{A6D8BCD8-3BFD-465B-A7D1-D7D62702E2B7}.Debug|Win32.ActiveCfg = Debug|Win32
		{A6D8BCD8-3BFD-465B-A7D1-D7D62702E2B7}.Debug|Win32.Build.0 = Debug|Win32
		{A6D8BCD8-3BFD-465B-A7D1-D7D62702E2B7}.Release|Win32.ActiveCfg = Release|Win32
		{A6D8BCD8-3BFD-465B-A7D1-D7D62702E2B7}.Release|Win32.Build.0 = Release|Win32
	EndGlobalSection
	GlobalSection(SolutionProperties) = preSolution
		HideSolutionNode = FALSE
	EndGlobalSection
EndGlobal
