<?xml version="1.0" encoding="utf-8"?>
<Project ToolsVersion="4.0" xmlns="http://schemas.microsoft.com/developer/msbuild/2003">
  <ItemGroup>
    <ClCompile Include="Huffman.cpp">
      <Filter>源文件</Filter>
    </ClCompile>
    <ClCompile Include="HuffmanTree.cpp">
      <Filter>源文件</Filter>
    </ClCompile>
  </ItemGroup>
  <ItemGroup>
    <ClInclude Include="TreeNode.h">
      <Filter>头文件</Filter>
    </ClInclude>
    <ClInclude Include="HuffmanTree.h">
      <Filter>头文件</Filter>
    </ClInclude>
  </ItemGroup>
  <ItemGroup>
    <Filter Include="源文件">
      <UniqueIdentifier>{d14cc0ec-c41e-454b-b82e-13d56fd9541f}</UniqueIdentifier>
    </Filter>
    <Filter Include="头文件">
      <UniqueIdentifier>{e957dab1-db52-4869-8c2a-ba81b55f04ec}</UniqueIdentifier>
    </Filter>
  </ItemGroup>
</Project>